github.com/actgardner/gogen-avro/v9 v9.1.0/go.mod h1:nyTj6wPqDJoxM3qdnjcLv+EnMDSDFqE0qDpva2QRmKc=
github.com/chzyer/logex v1.1.10/go.mod h1:+Ywpsq7O8HXn0nuIou7OrIPyXbp3wmkHB+jjWRnGsAI=
github.com/chzyer/readline v0.0.0-20180603132655-2972be24d48e h1:fY5BOSpyZCqRo5OhCuC+XN+r/bBCmeuuJtjz+bCNIf8=
github.com/chzyer/readline v0.0.0-20180603132655-2972be24d48e/go.mod h1:nSuG5e5PlCu98SY8svDHJxuZscDgtXS6KTTbou5AhLI=
github.com/chzyer/test v0.0.0-20180213035817-a1ea475d72b1/go.mod h1:Q3SI9o4m/ZMnBNeIyt5eFwwo7qiLfzFZmjNmxjkiQlU=
github.com/davecgh/go-spew v1.1.0/go.mod h1:J7Y8YcW2NihsgmVo/mv3lAwl/skON4iLHjSsI+c5H38=
github.com/davecgh/go-spew v1.1.1 h1:vj9j/u1bqnvCEfJOwUhtlOARqs3+rkHYY13jYWTU97c=
github.com/davecgh/go-spew v1.1.1/go.mod h1:J7Y8YcW2NihsgmVo/mv3lAwl/skON4iLHjSsI+c5H38=
github.com/golang/snappy v0.0.1 h1:Qgr9rKW7uDUkrbSmQeiDsGa8SjGyCOGtuasMWwvp2P4=
github.com/golang/snappy v0.0.1/go.mod h1:/XxbfmMg8lxefKM7IXC3fBNl/7bRcc72aCRzEWrmP2Q=
github.com/golang/snappy v0.0.3/go.mod h1:/XxbfmMg8lxefKM7IXC3fBNl/7bRcc72aCRzEWrmP2Q=
github.com/golang/snappy v0.0.4 h1:yAGX7huGHXlcLOEtBnF4w7FQwA26wojNCwOYAEhLjQM=
github.com/golang/snappy v0.0.4/go.mod h1:/XxbfmMg8lxefKM7IXC3fBNl/7bRcc72aCRzEWrmP2Q=
github.com/google/gofuzz v1.0.0/go.mod h1:dBl0BpW6vV/+mYPU4Po3pmUjxk6FQPldtuIdl/M65Eg=
github.com/google/pprof v0.0.0-20211008130755-947d60d73cc0 h1:zHs+jv3LO743/zFGcByu2KmpbliCU2AhjcGgrdTwSG4=
github.com/google/pprof v0.0.0-20211008130755-947d60d73cc0/go.mod h1:KgnwoLYCZ8IQu3XUZ8Nc/bM9CCZFOyjUNOSygVozoDg=
github.com/hamba/avro v1.5.6/go.mod h1:3vNT0RLXXpFm2Tb/5KC71ZRJlOroggq1Rcitb6k4Fr8=
github.com/ianlancetaylor/demangle v0.0.0-20210905161508-09a460cdf81d h1:uGg2frlt3IcT7kbV6LEp5ONv4vmoO2FW4qSO+my/aoM=
github.com/ianlancetaylor/demangle v0.0.0-20210905161508-09a460cdf81d/go.mod h1:aYm2/VgdVmcIU8iMfdMvDMsRAQjcfZSKFby6HOFvi/w=
github.com/json-iterator/go v1.1.11/go.mod h1:KdQUCv79m/52Kvf8AW2vK1V8akMuk1QjK/uOdHXbAo4=
github.com/linkedin/goavro v2.1.0+incompatible h1:DV2aUlj2xZiuxQyvag8Dy7zjY69ENjS66bWkSfdpddY=
github.com/linkedin/goavro v2.1.0+incompatible/go.mod h1:bBCwI2eGYpUI/4820s67MElg9tdeLbINjLjiM2xZFYM=
github.com/linkedin/goavro/v2 v2.10.0 h1:eTBIRoInBM88gITGXYtUSqqxLTFXfOsJBiX8ZMW0o4U=
github.com/linkedin/goavro/v2 v2.10.0/go.mod h1:UgQUb2N/pmueQYH9bfqFioWxzYCZXSfF8Jw03O5sjqA=
github.com/linkedin/goavro/v2 v2.10.1 h1:ExVurHDnf0eyUocILs48kiZ4pGvaEbDvBOQcfLruA/0=
github.com/linkedin/goavro/v2 v2.10.1/go.mod h1:UgQUb2N/pmueQYH9bfqFioWxzYCZXSfF8Jw03O5sjqA=
github.com/modern-go/concurrent v0.0.0-20180228061459-e0a39a4cb421/go.mod h1:6dJC0mAP4ikYIbvyc7fijjWJddQyLn8Ig3JB5CqoB9Q=
github.com/modern-go/concurrent v0.0.0-20180306012644-bacd9c7ef1dd/go.mod h1:6dJC0mAP4ikYIbvyc7fijjWJddQyLn8Ig3JB5CqoB9Q=
github.com/modern-go/reflect2 v0.0.0-20180701023420-4b7aa43c6742/go.mod h1:bx2lNnkwVCuqBIxFjflWJWanXIb3RllmbCylyMrvgv0=
github.com/modern-go/reflect2 v1.0.1/go.mod h1:bx2lNnkwVCuqBIxFjflWJWanXIb3RllmbCylyMrvgv0=
github.com/nrwiersma/avro-benchmarks v0.0.0-20210913175520-21aec48c8f76 h1:wDbc54qVQ+C5oQZ8Q5VlMbqEt2hrnev2bC/gIGL3Ksk=
github.com/nrwiersma/avro-benchmarks v0.0.0-20210913175520-21aec48c8f76/go.mod h1:iKyFMidsk/sVYONJRE372sJuX/QTRPacU7imPqqsu7g=
github.com/pmezard/go-difflib v1.0.0 h1:4DBwDE0NGyQoBHbLQYPwSUPoCMWR5BEzIk/f1lZbAQM=
github.com/pmezard/go-difflib v1.0.0/go.mod h1:iKH77koFhYxTK1pcRnkKkqfTogsbg7gZNVY4sRDYZ/4=
github.com/stretchr/objx v0.1.0/go.mod h1:HFkY916IF+rwdDfMAkV7OtwuqBVzrE8GR6GFx+wExME=
github.com/stretchr/testify v1.3.0/go.mod h1:M5WIy9Dh21IEIfnGCwXGc5bZfKNJtfHm1UVUgZn+9EI=
github.com/stretchr/testify v1.7.0 h1:nwc3DEeHmmLAfoZucVR881uASk0Mfjw8xYJ99tb5CcY=
github.com/stretchr/testify v1.7.0/go.mod h1:6Fq8oRcR53rry900zMqJjRRixrwX3KX962/h/Wwjteg=
golang.org/x/sys v0.0.0-20211007075335-d3039528d8ac h1:oN6lz7iLW/YC7un8pq+9bOLyXrprv2+DKfkJY+2LJJw=
golang.org/x/sys v0.0.0-20211007075335-d3039528d8ac/go.mod h1:oPkhp1MJrh7nUepCBck5+mAzfO9JrbApNNgaTdGDITg=
gopkg.in/avro.v0 v0.0.0-20171217001914-a730b5802183/go.mod h1:FvqrFXt+jCsyQibeRv4xxEJBL5iG2DDW5aeJwzDiq4A=
gopkg.in/check.v1 v0.0.0-20161208181325-20d25e280405 h1:yhCVgyC4o1eVCa2tZl7eS0r+SDo693bJlVdllGtEeKM=
gopkg.in/check.v1 v0.0.0-20161208181325-20d25e280405/go.mod h1:Co6ibVJAznAaIkqp8huTwlJQCZ016jof/cbN4VW5Yz0=
gopkg.in/yaml.v3 v3.0.0-20200313102051-9f266ea9e77c h1:dUUwHk2QECo/6vqA44rthZ8ie2QXMNeKRTHCNY2nXvo=
gopkg.in/yaml.v3 v3.0.0-20200313102051-9f266ea9e77c/go.mod h1:K4uyk7z7BCEPqu6E+C64Yfv1cQ7kz7rIZviUmN+EgEM=
gopkg.in/yaml.v3 v3.0.0-20210107192922-496545a6307b h1:h8qDotaEPuJATrMmW04NCwg7v22aHH28wwpauUhK9Oo=
gopkg.in/yaml.v3 v3.0.0-20210107192922-496545a6307b/go.mod h1:K4uyk7z7BCEPqu6E+C64Yfv1cQ7kz7rIZviUmN+EgEM=
